
Microsoft Visual Studio Solution File, Format Version 12.00
# Visual Studio 15
VisualStudioVersion = 15.0.28010.2046
MinimumVisualStudioVersion = 10.0.40219.1
Project("{FAE04EC0-301F-11D3-BF4B-00C04F79EFBC}") = "A Star Search", "A Star Search\A Star Search.csproj", "{751BF3BC-AD3F-4AEB-A64D-FDF74138C10E}"
EndProject
Global
	GlobalSection(SolutionConfigurationPlatforms) = preSolution
		Debug|Any CPU = Debug|Any CPU
		Release|Any CPU = Release|Any CPU
	EndGlobalSection
	GlobalSection(ProjectConfigurationPlatforms) = postSolution
		{751BF3BC-AD3F-4AEB-A64D-FDF74138C10E}.Debug|Any CPU.ActiveCfg = Debug|Any CPU
		{751BF3BC-AD3F-4AEB-A64D-FDF74138C10E}.Debug|Any CPU.Build.0 = Debug|Any CPU
		{751BF3BC-AD3F-4AEB-A64D-FDF74138C10E}.Release|Any CPU.ActiveCfg = Release|Any CPU
		{751BF3BC-AD3F-4AEB-A64D-FDF74138C10E}.Release|Any CPU.Build.0 = Release|Any CPU
	EndGlobalSection
	GlobalSection(SolutionProperties) = preSolution
		HideSolutionNode = FALSE
	EndGlobalSection
	GlobalSection(ExtensibilityGlobals) = postSolution
		SolutionGuid = {73D38934-B03A-4807-BE66-8307D3F61768}
	EndGlobalSection
EndGlobal
